
Microsoft Visual Studio Solution File, Format Version 12.00
# Visual Studio Version 16
VisualStudioVersion = 16.0.29318.209
MinimumVisualStudioVersion = 10.0.40219.1
Project("{FAE04EC0-301F-11D3-BF4B-00C04F79EFBC}") = "HostedServiceWebApp1", "HostedServiceWebApp1\HostedServiceWebApp1.csproj", "{8208D314-FEB1-46A5-92FB-7D41ECD737FF}"
EndProject
Global
	GlobalSection(SolutionConfigurationPlatforms) = preSolution
		Debug|Any CPU = Debug|Any CPU
		Release|Any CPU = Release|Any CPU
	EndGlobalSection
	GlobalSection(ProjectConfigurationPlatforms) = postSolution
		{8208D314-FEB1-46A5-92FB-7D41ECD737FF}.Debug|Any CPU.ActiveCfg = Debug|Any CPU
		{8208D314-FEB1-46A5-92FB-7D41ECD737FF}.Debug|Any CPU.Build.0 = Debug|Any CPU
		{8208D314-FEB1-46A5-92FB-7D41ECD737FF}.Release|Any CPU.ActiveCfg = Release|Any CPU
		{8208D314-FEB1-46A5-92FB-7D41ECD737FF}.Release|Any CPU.Build.0 = Release|Any CPU
	EndGlobalSection
	GlobalSection(SolutionProperties) = preSolution
		HideSolutionNode = FALSE
	EndGlobalSection
	GlobalSection(ExtensibilityGlobals) = postSolution
		SolutionGuid = {4FC728D6-4872-4E36-93DB-C6103532D0ED}
	EndGlobalSection
EndGlobal
